
Microsoft Visual Studio Solution File, Format Version 12.00
# Visual Studio Version 16
VisualStudioVersion = 16.0.29709.97
MinimumVisualStudioVersion = 10.0.40219.1
Project("{9A19103F-16F7-4668-BE54-9A1E7A4F7556}") = "cduff.Survey.Api", "cduff.Survey.Api\cduff.Survey.Api.csproj", "{FAB009F9-D535-449A-ACDB-6A457C3DD891}"
EndProject
Project("{FAE04EC0-301F-11D3-BF4B-00C04F79EFBC}") = "cduff.Survey.Business", "cduff.Survey.Business\cduff.Survey.Business.csproj", "{C2E139A4-9773-4B3A-8AAD-E94B5ADCA96B}"
EndProject
Project("{FAE04EC0-301F-11D3-BF4B-00C04F79EFBC}") = "cduff.Survey.Model", "cduff.Survey.Model\cduff.Survey.Model.csproj", "{589BC85B-5BC7-44D7-914C-D508BB7C1E9A}"
EndProject
Project("{FAE04EC0-301F-11D3-BF4B-00C04F79EFBC}") = "cduff.Survey.Data", "cduff.Survey.Data\cduff.Survey.Data.csproj", "{FC8E7C43-0D4B-45F0-B1C2-083DDA73B8EF}"
EndProject
Global
	GlobalSection(SolutionConfigurationPlatforms) = preSolution
		Debug|Any CPU = Debug|Any CPU
		Release|Any CPU = Release|Any CPU
	EndGlobalSection
	GlobalSection(ProjectConfigurationPlatforms) = postSolution
		{FAB009F9-D535-449A-ACDB-6A457C3DD891}.Debug|Any CPU.ActiveCfg = Debug|Any CPU
		{FAB009F9-D535-449A-ACDB-6A457C3DD891}.Debug|Any CPU.Build.0 = Debug|Any CPU
		{FAB009F9-D535-449A-ACDB-6A457C3DD891}.Release|Any CPU.ActiveCfg = Release|Any CPU
		{FAB009F9-D535-449A-ACDB-6A457C3DD891}.Release|Any CPU.Build.0 = Release|Any CPU
		{C2E139A4-9773-4B3A-8AAD-E94B5ADCA96B}.Debug|Any CPU.ActiveCfg = Debug|Any CPU
		{C2E139A4-9773-4B3A-8AAD-E94B5ADCA96B}.Debug|Any CPU.Build.0 = Debug|Any CPU
		{C2E139A4-9773-4B3A-8AAD-E94B5ADCA96B}.Release|Any CPU.ActiveCfg = Release|Any CPU
		{C2E139A4-9773-4B3A-8AAD-E94B5ADCA96B}.Release|Any CPU.Build.0 = Release|Any CPU
		{589BC85B-5BC7-44D7-914C-D508BB7C1E9A}.Debug|Any CPU.ActiveCfg = Debug|Any CPU
		{589BC85B-5BC7-44D7-914C-D508BB7C1E9A}.Debug|Any CPU.Build.0 = Debug|Any CPU
		{589BC85B-5BC7-44D7-914C-D508BB7C1E9A}.Release|Any CPU.ActiveCfg = Release|Any CPU
		{589BC85B-5BC7-44D7-914C-D508BB7C1E9A}.Release|Any CPU.Build.0 = Release|Any CPU
		{FC8E7C43-0D4B-45F0-B1C2-083DDA73B8EF}.Debug|Any CPU.ActiveCfg = Debug|Any CPU
		{FC8E7C43-0D4B-45F0-B1C2-083DDA73B8EF}.Debug|Any CPU.Build.0 = Debug|Any CPU
		{FC8E7C43-0D4B-45F0-B1C2-083DDA73B8EF}.Release|Any CPU.ActiveCfg = Release|Any CPU
		{FC8E7C43-0D4B-45F0-B1C2-083DDA73B8EF}.Release|Any CPU.Build.0 = Release|Any CPU
	EndGlobalSection
	GlobalSection(SolutionProperties) = preSolution
		HideSolutionNode = FALSE
	EndGlobalSection
	GlobalSection(ExtensibilityGlobals) = postSolution
		SolutionGuid = {E2A00DB5-CB38-48E0-91DA-94573DBA826C}
	EndGlobalSection
EndGlobal
